{
  "name": "pruebacertinseg",
  "version": "1.0.0",
  "lockfileVersion": 1,
  "requires": true,
  "dependencies": {
    "arraybuffer-to-string": {
      "version": "1.0.2",
      "resolved": "https://registry.npmjs.org/arraybuffer-to-string/-/arraybuffer-to-string-1.0.2.tgz",
      "integrity": "sha512-WbIYlLVmvIAyUBdQRRuyGOJRriOQy9OAsWcyURmsRQp9+g647hdMSS2VFKXbJLVw0daUu06hqwLXm9etVrXI9A=="
    },
    "asn1js": {
      "version": "2.0.22",
      "resolved": "https://registry.npmjs.org/asn1js/-/asn1js-2.0.22.tgz",
      "integrity": "sha512-mKox8OHPmLZY0FUbd8JYsAu2lQk61yFH8gTq4N7AT7NzmUKISpy0LEjV/AfLyE/SNCUicdMDZUFbocsf/9qOTg==",
      "requires": {
        "pvutils": "^1.0.17"
      }
    },
    "atob": {
      "version": "2.1.2",
      "resolved": "https://registry.npmjs.org/atob/-/atob-2.1.2.tgz",
      "integrity": "sha512-Wm6ukoaOGJi/73p/cl2GvLjTI5JM1k/O14isD73YML8StrH/7/lRFgmg8nICZgD3bZZvjwCGxtMOD3wWNAu8cg=="
    },
    "bytestreamjs": {
      "version": "1.0.27",
      "resolved": "https://registry.npmjs.org/bytestreamjs/-/bytestreamjs-1.0.27.tgz",
      "integrity": "sha512-P3eEIZi2olI+lgb7RpGRluJdGoDdSzh0A9hmNP4s7YHiuuw1KRKARxmkdDkDhQCGmV14OVkieTmE/F1/roxiWg=="
    },
    "minimist": {
      "version": "0.0.8",
      "resolved": "https://registry.npmjs.org/minimist/-/minimist-0.0.8.tgz",
      "integrity": "sha1-hX/Kv8M5fSYluCKCYuhqp6ARsF0="
    },
    "mkdirp": {
      "version": "0.5.1",
      "resolved": "https://registry.npmjs.org/mkdirp/-/mkdirp-0.5.1.tgz",
      "integrity": "sha1-MAV0OOrGz3+MR2fzhkjWaX11yQM=",
      "requires": {
        "minimist": "0.0.8"
      }
    },
    "nan": {
      "version": "2.13.2",
      "resolved": "https://registry.npmjs.org/nan/-/nan-2.13.2.tgz",
      "integrity": "sha512-TghvYc72wlMGMVMluVo9WRJc0mB8KxxF/gZ4YYFy7V2ZQX9l7rgbPg7vjS9mt6U5HXODVFVI2bOduCzwOMv/lw=="
    },
    "node-webcrypto-ossl": {
      "version": "1.0.44",
      "resolved": "https://registry.npmjs.org/node-webcrypto-ossl/-/node-webcrypto-ossl-1.0.44.tgz",
      "integrity": "sha512-Sc6RHNacpsBRB20tgvuzS56/zf5qjeCFMAb2yGa/gOO2nl9LUQapVxgd+ERPK0LKNa84G1iuhIQ6tSUKRqR2Uw==",
      "requires": {
        "mkdirp": "^0.5.1",
        "nan": "^2.13.2",
        "tslib": "^1.9.3",
        "webcrypto-core": "^0.1.26"
      }
    },
    "pkijs": {
      "version": "2.1.77",
      "resolved": "https://registry.npmjs.org/pkijs/-/pkijs-2.1.77.tgz",
      "integrity": "sha512-uXSiiO9aHoBEc4SadeSzso8yJesUrRI66C1frJ61gVP9CCqTNAxt4o9lRhQkVm6BP59F1Nwb/TIHHwJx+2P8Zg==",
      "requires": {
        "asn1js": "^2.0.22",
        "bytestreamjs": "^1.0.27",
        "pvutils": "^1.0.17"
      },
      "dependencies": {
        "asn1js": {
          "version": "2.0.22",
          "resolved": "https://registry.npmjs.org/asn1js/-/asn1js-2.0.22.tgz",
          "integrity": "sha512-mKox8OHPmLZY0FUbd8JYsAu2lQk61yFH8gTq4N7AT7NzmUKISpy0LEjV/AfLyE/SNCUicdMDZUFbocsf/9qOTg==",
          "requires": {
            "pvutils": "^1.0.17"
          }
        }
      }
    },
    "pvutils": {
      "version": "1.0.17",
      "resolved": "https://registry.npmjs.org/pvutils/-/pvutils-1.0.17.tgz",
      "integrity": "sha512-wLHYUQxWaXVQvKnwIDWFVKDJku9XDCvyhhxoq8dc5MFdIlRenyPI9eSfEtcvgHgD7FlvCyGAlWgOzRnZD99GZQ=="
    },
    "tslib": {
      "version": "1.9.3",
      "resolved": "https://registry.npmjs.org/tslib/-/tslib-1.9.3.tgz",
      "integrity": "sha512-4krF8scpejhaOgqzBEcGM7yDIEfi0/8+8zDRZhNZZ2kjmHJ4hv3zCbQWxoJGz1iw5U0Jl0nma13xzHXcncMavQ=="
    },
    "webcrypto-core": {
      "version": "0.1.26",
      "resolved": "https://registry.npmjs.org/webcrypto-core/-/webcrypto-core-0.1.26.tgz",
      "integrity": "sha512-BZVgJZkkHyuz8loKvsaOKiBDXDpmMZf5xG4QAOlSeYdXlFUl9c1FRrVnAXcOdb4fTHMG+TRu81odJwwSfKnWTA==",
      "requires": {
        "tslib": "^1.7.1"
      }
    }
  }
}
